
Microsoft Visual Studio Solution File, Format Version 12.00
# Visual Studio 15
VisualStudioVersion = 15.0.28307.329
MinimumVisualStudioVersion = 10.0.40219.1
Project("{FAE04EC0-301F-11D3-BF4B-00C04F79EFBC}") = "AlbumLieux.Android", "AlbumLieux\AlbumLieux.Android\AlbumLieux.Android.csproj", "{26A3558A-4DC8-418B-B3D2-A701907245BE}"
EndProject
Project("{FAE04EC0-301F-11D3-BF4B-00C04F79EFBC}") = "AlbumLieux.iOS", "AlbumLieux\AlbumLieux.iOS\AlbumLieux.iOS.csproj", "{F4510BA3-25BD-44C3-9B5F-D0A10ACA8C14}"
EndProject
Project("{FAE04EC0-301F-11D3-BF4B-00C04F79EFBC}") = "AlbumLieux.UWP", "AlbumLieux\AlbumLieux.UWP\AlbumLieux.UWP.csproj", "{99BDE9A7-BE99-4F1E-BA19-4DFDED9C92FD}"
EndProject
Project("{FAE04EC0-301F-11D3-BF4B-00C04F79EFBC}") = "AlbumLieux", "AlbumLieux\AlbumLieux\AlbumLieux.csproj", "{835C2AF9-781E-4978-A5D0-2A28C678769E}"
EndProject
Global
	GlobalSection(SolutionConfigurationPlatforms) = preSolution
		Ad-Hoc|Any CPU = Ad-Hoc|Any CPU
		Ad-Hoc|ARM = Ad-Hoc|ARM
		Ad-Hoc|iPhone = Ad-Hoc|iPhone
		Ad-Hoc|iPhoneSimulator = Ad-Hoc|iPhoneSimulator
		Ad-Hoc|x64 = Ad-Hoc|x64
		Ad-Hoc|x86 = Ad-Hoc|x86
		AppStore|Any CPU = AppStore|Any CPU
		AppStore|ARM = AppStore|ARM
		AppStore|iPhone = AppStore|iPhone
		AppStore|iPhoneSimulator = AppStore|iPhoneSimulator
		AppStore|x64 = AppStore|x64
		AppStore|x86 = AppStore|x86
		Debug|Any CPU = Debug|Any CPU
		Debug|ARM = Debug|ARM
		Debug|iPhone = Debug|iPhone
		Debug|iPhoneSimulator = Debug|iPhoneSimulator
		Debug|x64 = Debug|x64
		Debug|x86 = Debug|x86
		Release|Any CPU = Release|Any CPU
		Release|ARM = Release|ARM
		Release|iPhone = Release|iPhone
		Release|iPhoneSimulator = Release|iPhoneSimulator
		Release|x64 = Release|x64
		Release|x86 = Release|x86
	EndGlobalSection
	GlobalSection(ProjectConfigurationPlatforms) = postSolution
		{26A3558A-4DC8-418B-B3D2-A701907245BE}.Ad-Hoc|Any CPU.ActiveCfg = Release|Any CPU
		{26A3558A-4DC8-418B-B3D2-A701907245BE}.Ad-Hoc|Any CPU.Build.0 = Release|Any CPU
		{26A3558A-4DC8-418B-B3D2-A701907245BE}.Ad-Hoc|Any CPU.Deploy.0 = Release|Any CPU
		{26A3558A-4DC8-418B-B3D2-A701907245BE}.Ad-Hoc|ARM.ActiveCfg = Release|Any CPU
		{26A3558A-4DC8-418B-B3D2-A701907245BE}.Ad-Hoc|ARM.Build.0 = Release|Any CPU
		{26A3558A-4DC8-418B-B3D2-A701907245BE}.Ad-Hoc|ARM.Deploy.0 = Release|Any CPU
		{26A3558A-4DC8-418B-B3D2-A701907245BE}.Ad-Hoc|iPhone.ActiveCfg = Release|Any CPU
		{26A3558A-4DC8-418B-B3D2-A701907245BE}.Ad-Hoc|iPhone.Build.0 = Release|Any CPU
		{26A3558A-4DC8-418B-B3D2-A701907245BE}.Ad-Hoc|iPhone.Deploy.0 = Release|Any CPU
		{26A3558A-4DC8-418B-B3D2-A701907245BE}.Ad-Hoc|iPhoneSimulator.ActiveCfg = Release|Any CPU
		{26A3558A-4DC8-418B-B3D2-A701907245BE}.Ad-Hoc|iPhoneSimulator.Build.0 = Release|Any CPU
		{26A3558A-4DC8-418B-B3D2-A701907245BE}.Ad-Hoc|iPhoneSimulator.Deploy.0 = Release|Any CPU
		{26A3558A-4DC8-418B-B3D2-A701907245BE}.Ad-Hoc|x64.ActiveCfg = Release|Any CPU
		{26A3558A-4DC8-418B-B3D2-A701907245BE}.Ad-Hoc|x64.Build.0 = Release|Any CPU
		{26A3558A-4DC8-418B-B3D2-A701907245BE}.Ad-Hoc|x64.Deploy.0 = Release|Any CPU
		{26A3558A-4DC8-418B-B3D2-A701907245BE}.Ad-Hoc|x86.ActiveCfg = Release|Any CPU
		{26A3558A-4DC8-418B-B3D2-A701907245BE}.Ad-Hoc|x86.Build.0 = Release|Any CPU
		{26A3558A-4DC8-418B-B3D2-A701907245BE}.Ad-Hoc|x86.Deploy.0 = Release|Any CPU
		{26A3558A-4DC8-418B-B3D2-A701907245BE}.AppStore|Any CPU.ActiveCfg = Release|Any CPU
		{26A3558A-4DC8-418B-B3D2-A701907245BE}.AppStore|Any CPU.Build.0 = Release|Any CPU
		{26A3558A-4DC8-418B-B3D2-A701907245BE}.AppStore|Any CPU.Deploy.0 = Release|Any CPU
		{26A3558A-4DC8-418B-B3D2-A701907245BE}.AppStore|ARM.ActiveCfg = Release|Any CPU
		{26A3558A-4DC8-418B-B3D2-A701907245BE}.AppStore|ARM.Build.0 = Release|Any CPU
		{26A3558A-4DC8-418B-B3D2-A701907245BE}.AppStore|ARM.Deploy.0 = Release|Any CPU
		{26A3558A-4DC8-418B-B3D2-A701907245BE}.AppStore|iPhone.ActiveCfg = Release|Any CPU
		{26A3558A-4DC8-418B-B3D2-A701907245BE}.AppStore|iPhone.Build.0 = Release|Any CPU
		{26A3558A-4DC8-418B-B3D2-A701907245BE}.AppStore|iPhone.Deploy.0 = Release|Any CPU
		{26A3558A-4DC8-418B-B3D2-A701907245BE}.AppStore|iPhoneSimulator.ActiveCfg = Release|Any CPU
		{26A3558A-4DC8-418B-B3D2-A701907245BE}.AppStore|iPhoneSimulator.Build.0 = Release|Any CPU
		{26A3558A-4DC8-418B-B3D2-A701907245BE}.AppStore|iPhoneSimulator.Deploy.0 = Release|Any CPU
		{26A3558A-4DC8-418B-B3D2-A701907245BE}.AppStore|x64.ActiveCfg = Release|Any CPU
		{26A3558A-4DC8-418B-B3D2-A701907245BE}.AppStore|x64.Build.0 = Release|Any CPU
		{26A3558A-4DC8-418B-B3D2-A701907245BE}.AppStore|x64.Deploy.0 = Release|Any CPU
		{26A3558A-4DC8-418B-B3D2-A701907245BE}.AppStore|x86.ActiveCfg = Release|Any CPU
		{26A3558A-4DC8-418B-B3D2-A701907245BE}.AppStore|x86.Build.0 = Release|Any CPU
		{26A3558A-4DC8-418B-B3D2-A701907245BE}.AppStore|x86.Deploy.0 = Release|Any CPU
		{26A3558A-4DC8-418B-B3D2-A701907245BE}.Debug|Any CPU.ActiveCfg = Debug|Any CPU
		{26A3558A-4DC8-418B-B3D2-A701907245BE}.Debug|Any CPU.Build.0 = Debug|Any CPU
		{26A3558A-4DC8-418B-B3D2-A701907245BE}.Debug|Any CPU.Deploy.0 = Debug|Any CPU
		{26A3558A-4DC8-418B-B3D2-A701907245BE}.Debug|ARM.ActiveCfg = Debug|Any CPU
		{26A3558A-4DC8-418B-B3D2-A701907245BE}.Debug|ARM.Build.0 = Debug|Any CPU
		{26A3558A-4DC8-418B-B3D2-A701907245BE}.Debug|ARM.Deploy.0 = Debug|Any CPU
		{26A3558A-4DC8-418B-B3D2-A701907245BE}.Debug|iPhone.ActiveCfg = Debug|Any CPU
		{26A3558A-4DC8-418B-B3D2-A701907245BE}.Debug|iPhone.Build.0 = Debug|Any CPU
		{26A3558A-4DC8-418B-B3D2-A701907245BE}.Debug|iPhone.Deploy.0 = Debug|Any CPU
		{26A3558A-4DC8-418B-B3D2-A701907245BE}.Debug|iPhoneSimulator.ActiveCfg = Debug|Any CPU
		{26A3558A-4DC8-418B-B3D2-A701907245BE}.Debug|iPhoneSimulator.Build.0 = Debug|Any CPU
		{26A3558A-4DC8-418B-B3D2-A701907245BE}.Debug|iPhoneSimulator.Deploy.0 = Debug|Any CPU
		{26A3558A-4DC8-418B-B3D2-A701907245BE}.Debug|x64.ActiveCfg = Debug|Any CPU
		{26A3558A-4DC8-418B-B3D2-A701907245BE}.Debug|x64.Build.0 = Debug|Any CPU
		{26A3558A-4DC8-418B-B3D2-A701907245BE}.Debug|x64.Deploy.0 = Debug|Any CPU
		{26A3558A-4DC8-418B-B3D2-A701907245BE}.Debug|x86.ActiveCfg = Debug|Any CPU
		{26A3558A-4DC8-418B-B3D2-A701907245BE}.Debug|x86.Build.0 = Debug|Any CPU
		{26A3558A-4DC8-418B-B3D2-A701907245BE}.Debug|x86.Deploy.0 = Debug|Any CPU
		{26A3558A-4DC8-418B-B3D2-A701907245BE}.Release|Any CPU.ActiveCfg = Release|Any CPU
		{26A3558A-4DC8-418B-B3D2-A701907245BE}.Release|Any CPU.Build.0 = Release|Any CPU
		{26A3558A-4DC8-418B-B3D2-A701907245BE}.Release|Any CPU.Deploy.0 = Release|Any CPU
		{26A3558A-4DC8-418B-B3D2-A701907245BE}.Release|ARM.ActiveCfg = Release|Any CPU
		{26A3558A-4DC8-418B-B3D2-A701907245BE}.Release|ARM.Build.0 = Release|Any CPU
		{26A3558A-4DC8-418B-B3D2-A701907245BE}.Release|ARM.Deploy.0 = Release|Any CPU
		{26A3558A-4DC8-418B-B3D2-A701907245BE}.Release|iPhone.ActiveCfg = Release|Any CPU
		{26A3558A-4DC8-418B-B3D2-A701907245BE}.Release|iPhone.Build.0 = Release|Any CPU
		{26A3558A-4DC8-418B-B3D2-A701907245BE}.Release|iPhone.Deploy.0 = Release|Any CPU
		{26A3558A-4DC8-418B-B3D2-A701907245BE}.Release|iPhoneSimulator.ActiveCfg = Release|Any CPU
		{26A3558A-4DC8-418B-B3D2-A701907245BE}.Release|iPhoneSimulator.Build.0 = Release|Any CPU
		{26A3558A-4DC8-418B-B3D2-A701907245BE}.Release|iPhoneSimulator.Deploy.0 = Release|Any CPU
		{26A3558A-4DC8-418B-B3D2-A701907245BE}.Release|x64.ActiveCfg = Release|Any CPU
		{26A3558A-4DC8-418B-B3D2-A701907245BE}.Release|x64.Build.0 = Release|Any CPU
		{26A3558A-4DC8-418B-B3D2-A701907245BE}.Release|x64.Deploy.0 = Release|Any CPU
		{26A3558A-4DC8-418B-B3D2-A701907245BE}.Release|x86.ActiveCfg = Release|Any CPU
		{26A3558A-4DC8-418B-B3D2-A701907245BE}.Release|x86.Build.0 = Release|Any CPU
		{26A3558A-4DC8-418B-B3D2-A701907245BE}.Release|x86.Deploy.0 = Release|Any CPU
		{F4510BA3-25BD-44C3-9B5F-D0A10ACA8C14}.Ad-Hoc|Any CPU.ActiveCfg = Ad-Hoc|iPhone
		{F4510BA3-25BD-44C3-9B5F-D0A10ACA8C14}.Ad-Hoc|Any CPU.Build.0 = Ad-Hoc|iPhone
		{F4510BA3-25BD-44C3-9B5F-D0A10ACA8C14}.Ad-Hoc|Any CPU.Deploy.0 = Ad-Hoc|iPhone
		{F4510BA3-25BD-44C3-9B5F-D0A10ACA8C14}.Ad-Hoc|ARM.ActiveCfg = Ad-Hoc|iPhone
		{F4510BA3-25BD-44C3-9B5F-D0A10ACA8C14}.Ad-Hoc|ARM.Build.0 = Ad-Hoc|iPhone
		{F4510BA3-25BD-44C3-9B5F-D0A10ACA8C14}.Ad-Hoc|ARM.Deploy.0 = Ad-Hoc|iPhone
		{F4510BA3-25BD-44C3-9B5F-D0A10ACA8C14}.Ad-Hoc|iPhone.ActiveCfg = Ad-Hoc|iPhone
		{F4510BA3-25BD-44C3-9B5F-D0A10ACA8C14}.Ad-Hoc|iPhone.Build.0 = Ad-Hoc|iPhone
		{F4510BA3-25BD-44C3-9B5F-D0A10ACA8C14}.Ad-Hoc|iPhone.Deploy.0 = Ad-Hoc|iPhone
		{F4510BA3-25BD-44C3-9B5F-D0A10ACA8C14}.Ad-Hoc|iPhoneSimulator.ActiveCfg = Ad-Hoc|iPhoneSimulator
		{F4510BA3-25BD-44C3-9B5F-D0A10ACA8C14}.Ad-Hoc|iPhoneSimulator.Build.0 = Ad-Hoc|iPhoneSimulator
		{F4510BA3-25BD-44C3-9B5F-D0A10ACA8C14}.Ad-Hoc|iPhoneSimulator.Deploy.0 = Ad-Hoc|iPhoneSimulator
		{F4510BA3-25BD-44C3-9B5F-D0A10ACA8C14}.Ad-Hoc|x64.ActiveCfg = Ad-Hoc|iPhone
		{F4510BA3-25BD-44C3-9B5F-D0A10ACA8C14}.Ad-Hoc|x64.Build.0 = Ad-Hoc|iPhone
		{F4510BA3-25BD-44C3-9B5F-D0A10ACA8C14}.Ad-Hoc|x64.Deploy.0 = Ad-Hoc|iPhone
		{F4510BA3-25BD-44C3-9B5F-D0A10ACA8C14}.Ad-Hoc|x86.ActiveCfg = Ad-Hoc|iPhone
		{F4510BA3-25BD-44C3-9B5F-D0A10ACA8C14}.Ad-Hoc|x86.Build.0 = Ad-Hoc|iPhone
		{F4510BA3-25BD-44C3-9B5F-D0A10ACA8C14}.Ad-Hoc|x86.Deploy.0 = Ad-Hoc|iPhone
		{F4510BA3-25BD-44C3-9B5F-D0A10ACA8C14}.AppStore|Any CPU.ActiveCfg = AppStore|iPhone
		{F4510BA3-25BD-44C3-9B5F-D0A10ACA8C14}.AppStore|Any CPU.Build.0 = AppStore|iPhone
		{F4510BA3-25BD-44C3-9B5F-D0A10ACA8C14}.AppStore|Any CPU.Deploy.0 = AppStore|iPhone
		{F4510BA3-25BD-44C3-9B5F-D0A10ACA8C14}.AppStore|ARM.ActiveCfg = AppStore|iPhone
		{F4510BA3-25BD-44C3-9B5F-D0A10ACA8C14}.AppStore|ARM.Build.0 = AppStore|iPhone
		{F4510BA3-25BD-44C3-9B5F-D0A10ACA8C14}.AppStore|ARM.Deploy.0 = AppStore|iPhone
		{F4510BA3-25BD-44C3-9B5F-D0A10ACA8C14}.AppStore|iPhone.ActiveCfg = AppStore|iPhone
		{F4510BA3-25BD-44C3-9B5F-D0A10ACA8C14}.AppStore|iPhone.Build.0 = AppStore|iPhone
		{F4510BA3-25BD-44C3-9B5F-D0A10ACA8C14}.AppStore|iPhone.Deploy.0 = AppStore|iPhone
		{F4510BA3-25BD-44C3-9B5F-D0A10ACA8C14}.AppStore|iPhoneSimulator.ActiveCfg = AppStore|iPhoneSimulator
		{F4510BA3-25BD-44C3-9B5F-D0A10ACA8C14}.AppStore|iPhoneSimulator.Build.0 = AppStore|iPhoneSimulator
		{F4510BA3-25BD-44C3-9B5F-D0A10ACA8C14}.AppStore|iPhoneSimulator.Deploy.0 = AppStore|iPhoneSimulator
		{F4510BA3-25BD-44C3-9B5F-D0A10ACA8C14}.AppStore|x64.ActiveCfg = AppStore|iPhone
		{F4510BA3-25BD-44C3-9B5F-D0A10ACA8C14}.AppStore|x64.Build.0 = AppStore|iPhone
		{F4510BA3-25BD-44C3-9B5F-D0A10ACA8C14}.AppStore|x64.Deploy.0 = AppStore|iPhone
		{F4510BA3-25BD-44C3-9B5F-D0A10ACA8C14}.AppStore|x86.ActiveCfg = AppStore|iPhone
		{F4510BA3-25BD-44C3-9B5F-D0A10ACA8C14}.AppStore|x86.Build.0 = AppStore|iPhone
		{F4510BA3-25BD-44C3-9B5F-D0A10ACA8C14}.AppStore|x86.Deploy.0 = AppStore|iPhone
		{F4510BA3-25BD-44C3-9B5F-D0A10ACA8C14}.Debug|Any CPU.ActiveCfg = Debug|iPhoneSimulator
		{F4510BA3-25BD-44C3-9B5F-D0A10ACA8C14}.Debug|Any CPU.Build.0 = Debug|iPhoneSimulator
		{F4510BA3-25BD-44C3-9B5F-D0A10ACA8C14}.Debug|Any CPU.Deploy.0 = Debug|iPhoneSimulator
		{F4510BA3-25BD-44C3-9B5F-D0A10ACA8C14}.Debug|ARM.ActiveCfg = Debug|iPhone
		{F4510BA3-25BD-44C3-9B5F-D0A10ACA8C14}.Debug|ARM.Build.0 = Debug|iPhone
		{F4510BA3-25BD-44C3-9B5F-D0A10ACA8C14}.Debug|ARM.Deploy.0 = Debug|iPhone
		{F4510BA3-25BD-44C3-9B5F-D0A10ACA8C14}.Debug|iPhone.ActiveCfg = Debug|iPhone
		{F4510BA3-25BD-44C3-9B5F-D0A10ACA8C14}.Debug|iPhone.Build.0 = Debug|iPhone
		{F4510BA3-25BD-44C3-9B5F-D0A10ACA8C14}.Debug|iPhone.Deploy.0 = Debug|iPhone
		{F4510BA3-25BD-44C3-9B5F-D0A10ACA8C14}.Debug|iPhoneSimulator.ActiveCfg = Debug|iPhoneSimulator
		{F4510BA3-25BD-44C3-9B5F-D0A10ACA8C14}.Debug|iPhoneSimulator.Build.0 = Debug|iPhoneSimulator
		{F4510BA3-25BD-44C3-9B5F-D0A10ACA8C14}.Debug|iPhoneSimulator.Deploy.0 = Debug|iPhoneSimulator
		{F4510BA3-25BD-44C3-9B5F-D0A10ACA8C14}.Debug|x64.ActiveCfg = Debug|iPhone
		{F4510BA3-25BD-44C3-9B5F-D0A10ACA8C14}.Debug|x64.Build.0 = Debug|iPhone
		{F4510BA3-25BD-44C3-9B5F-D0A10ACA8C14}.Debug|x64.Deploy.0 = Debug|iPhone
		{F4510BA3-25BD-44C3-9B5F-D0A10ACA8C14}.Debug|x86.ActiveCfg = Debug|iPhone
		{F4510BA3-25BD-44C3-9B5F-D0A10ACA8C14}.Debug|x86.Build.0 = Debug|iPhone
		{F4510BA3-25BD-44C3-9B5F-D0A10ACA8C14}.Debug|x86.Deploy.0 = Debug|iPhone
		{F4510BA3-25BD-44C3-9B5F-D0A10ACA8C14}.Release|Any CPU.ActiveCfg = Release|iPhone
		{F4510BA3-25BD-44C3-9B5F-D0A10ACA8C14}.Release|Any CPU.Build.0 = Release|iPhone
		{F4510BA3-25BD-44C3-9B5F-D0A10ACA8C14}.Release|Any CPU.Deploy.0 = Release|iPhone
		{F4510BA3-25BD-44C3-9B5F-D0A10ACA8C14}.Release|ARM.ActiveCfg = Release|iPhone
		{F4510BA3-25BD-44C3-9B5F-D0A10ACA8C14}.Release|ARM.Build.0 = Release|iPhone
		{F4510BA3-25BD-44C3-9B5F-D0A10ACA8C14}.Release|ARM.Deploy.0 = Release|iPhone
		{F4510BA3-25BD-44C3-9B5F-D0A10ACA8C14}.Release|iPhone.ActiveCfg = Release|iPhone
		{F4510BA3-25BD-44C3-9B5F-D0A10ACA8C14}.Release|iPhone.Build.0 = Release|iPhone
		{F4510BA3-25BD-44C3-9B5F-D0A10ACA8C14}.Release|iPhone.Deploy.0 = Release|iPhone
		{F4510BA3-25BD-44C3-9B5F-D0A10ACA8C14}.Release|iPhoneSimulator.ActiveCfg = Release|iPhoneSimulator
		{F4510BA3-25BD-44C3-9B5F-D0A10ACA8C14}.Release|iPhoneSimulator.Build.0 = Release|iPhoneSimulator
		{F4510BA3-25BD-44C3-9B5F-D0A10ACA8C14}.Release|iPhoneSimulator.Deploy.0 = Release|iPhoneSimulator
		{F4510BA3-25BD-44C3-9B5F-D0A10ACA8C14}.Release|x64.ActiveCfg = Release|iPhone
		{F4510BA3-25BD-44C3-9B5F-D0A10ACA8C14}.Release|x64.Build.0 = Release|iPhone
		{F4510BA3-25BD-44C3-9B5F-D0A10ACA8C14}.Release|x64.Deploy.0 = Release|iPhone
		{F4510BA3-25BD-44C3-9B5F-D0A10ACA8C14}.Release|x86.ActiveCfg = Release|iPhone
		{F4510BA3-25BD-44C3-9B5F-D0A10ACA8C14}.Release|x86.Build.0 = Release|iPhone
		{F4510BA3-25BD-44C3-9B5F-D0A10ACA8C14}.Release|x86.Deploy.0 = Release|iPhone
		{99BDE9A7-BE99-4F1E-BA19-4DFDED9C92FD}.Ad-Hoc|Any CPU.ActiveCfg = Release|x86
		{99BDE9A7-BE99-4F1E-BA19-4DFDED9C92FD}.Ad-Hoc|Any CPU.Build.0 = Release|x86
		{99BDE9A7-BE99-4F1E-BA19-4DFDED9C92FD}.Ad-Hoc|Any CPU.Deploy.0 = Release|x86
		{99BDE9A7-BE99-4F1E-BA19-4DFDED9C92FD}.Ad-Hoc|ARM.ActiveCfg = Release|ARM
		{99BDE9A7-BE99-4F1E-BA19-4DFDED9C92FD}.Ad-Hoc|ARM.Build.0 = Release|ARM
		{99BDE9A7-BE99-4F1E-BA19-4DFDED9C92FD}.Ad-Hoc|ARM.Deploy.0 = Release|ARM
		{99BDE9A7-BE99-4F1E-BA19-4DFDED9C92FD}.Ad-Hoc|iPhone.ActiveCfg = Release|x86
		{99BDE9A7-BE99-4F1E-BA19-4DFDED9C92FD}.Ad-Hoc|iPhone.Build.0 = Release|x86
		{99BDE9A7-BE99-4F1E-BA19-4DFDED9C92FD}.Ad-Hoc|iPhone.Deploy.0 = Release|x86
		{99BDE9A7-BE99-4F1E-BA19-4DFDED9C92FD}.Ad-Hoc|iPhoneSimulator.ActiveCfg = Release|x86
		{99BDE9A7-BE99-4F1E-BA19-4DFDED9C92FD}.Ad-Hoc|iPhoneSimulator.Build.0 = Release|x86
		{99BDE9A7-BE99-4F1E-BA19-4DFDED9C92FD}.Ad-Hoc|iPhoneSimulator.Deploy.0 = Release|x86
		{99BDE9A7-BE99-4F1E-BA19-4DFDED9C92FD}.Ad-Hoc|x64.ActiveCfg = Release|x64
		{99BDE9A7-BE99-4F1E-BA19-4DFDED9C92FD}.Ad-Hoc|x64.Build.0 = Release|x64
		{99BDE9A7-BE99-4F1E-BA19-4DFDED9C92FD}.Ad-Hoc|x64.Deploy.0 = Release|x64
		{99BDE9A7-BE99-4F1E-BA19-4DFDED9C92FD}.Ad-Hoc|x86.ActiveCfg = Release|x86
		{99BDE9A7-BE99-4F1E-BA19-4DFDED9C92FD}.Ad-Hoc|x86.Build.0 = Release|x86
		{99BDE9A7-BE99-4F1E-BA19-4DFDED9C92FD}.Ad-Hoc|x86.Deploy.0 = Release|x86
		{99BDE9A7-BE99-4F1E-BA19-4DFDED9C92FD}.AppStore|Any CPU.ActiveCfg = Release|x86
		{99BDE9A7-BE99-4F1E-BA19-4DFDED9C92FD}.AppStore|Any CPU.Build.0 = Release|x86
		{99BDE9A7-BE99-4F1E-BA19-4DFDED9C92FD}.AppStore|Any CPU.Deploy.0 = Release|x86
		{99BDE9A7-BE99-4F1E-BA19-4DFDED9C92FD}.AppStore|ARM.ActiveCfg = Release|ARM
		{99BDE9A7-BE99-4F1E-BA19-4DFDED9C92FD}.AppStore|ARM.Build.0 = Release|ARM
		{99BDE9A7-BE99-4F1E-BA19-4DFDED9C92FD}.AppStore|ARM.Deploy.0 = Release|ARM
		{99BDE9A7-BE99-4F1E-BA19-4DFDED9C92FD}.AppStore|iPhone.ActiveCfg = Release|x86
		{99BDE9A7-BE99-4F1E-BA19-4DFDED9C92FD}.AppStore|iPhone.Build.0 = Release|x86
		{99BDE9A7-BE99-4F1E-BA19-4DFDED9C92FD}.AppStore|iPhone.Deploy.0 = Release|x86
		{99BDE9A7-BE99-4F1E-BA19-4DFDED9C92FD}.AppStore|iPhoneSimulator.ActiveCfg = Release|x86
		{99BDE9A7-BE99-4F1E-BA19-4DFDED9C92FD}.AppStore|iPhoneSimulator.Build.0 = Release|x86
		{99BDE9A7-BE99-4F1E-BA19-4DFDED9C92FD}.AppStore|iPhoneSimulator.Deploy.0 = Release|x86
		{99BDE9A7-BE99-4F1E-BA19-4DFDED9C92FD}.AppStore|x64.ActiveCfg = Release|x64
		{99BDE9A7-BE99-4F1E-BA19-4DFDED9C92FD}.AppStore|x64.Build.0 = Release|x64
		{99BDE9A7-BE99-4F1E-BA19-4DFDED9C92FD}.AppStore|x64.Deploy.0 = Release|x64
		{99BDE9A7-BE99-4F1E-BA19-4DFDED9C92FD}.AppStore|x86.ActiveCfg = Release|x86
		{99BDE9A7-BE99-4F1E-BA19-4DFDED9C92FD}.AppStore|x86.Build.0 = Release|x86
		{99BDE9A7-BE99-4F1E-BA19-4DFDED9C92FD}.AppStore|x86.Deploy.0 = Release|x86
		{99BDE9A7-BE99-4F1E-BA19-4DFDED9C92FD}.Debug|Any CPU.ActiveCfg = Debug|x86
		{99BDE9A7-BE99-4F1E-BA19-4DFDED9C92FD}.Debug|Any CPU.Build.0 = Debug|x86
		{99BDE9A7-BE99-4F1E-BA19-4DFDED9C92FD}.Debug|Any CPU.Deploy.0 = Debug|x86
		{99BDE9A7-BE99-4F1E-BA19-4DFDED9C92FD}.Debug|ARM.ActiveCfg = Debug|ARM
		{99BDE9A7-BE99-4F1E-BA19-4DFDED9C92FD}.Debug|ARM.Build.0 = Debug|ARM
		{99BDE9A7-BE99-4F1E-BA19-4DFDED9C92FD}.Debug|ARM.Deploy.0 = Debug|ARM
		{99BDE9A7-BE99-4F1E-BA19-4DFDED9C92FD}.Debug|iPhone.ActiveCfg = Debug|x86
		{99BDE9A7-BE99-4F1E-BA19-4DFDED9C92FD}.Debug|iPhone.Build.0 = Debug|x86
		{99BDE9A7-BE99-4F1E-BA19-4DFDED9C92FD}.Debug|iPhone.Deploy.0 = Debug|x86
		{99BDE9A7-BE99-4F1E-BA19-4DFDED9C92FD}.Debug|iPhoneSimulator.ActiveCfg = Debug|x86
		{99BDE9A7-BE99-4F1E-BA19-4DFDED9C92FD}.Debug|iPhoneSimulator.Build.0 = Debug|x86
		{99BDE9A7-BE99-4F1E-BA19-4DFDED9C92FD}.Debug|iPhoneSimulator.Deploy.0 = Debug|x86
		{99BDE9A7-BE99-4F1E-BA19-4DFDED9C92FD}.Debug|x64.ActiveCfg = Debug|x64
		{99BDE9A7-BE99-4F1E-BA19-4DFDED9C92FD}.Debug|x64.Build.0 = Debug|x64
		{99BDE9A7-BE99-4F1E-BA19-4DFDED9C92FD}.Debug|x64.Deploy.0 = Debug|x64
		{99BDE9A7-BE99-4F1E-BA19-4DFDED9C92FD}.Debug|x86.ActiveCfg = Debug|x86
		{99BDE9A7-BE99-4F1E-BA19-4DFDED9C92FD}.Debug|x86.Build.0 = Debug|x86
		{99BDE9A7-BE99-4F1E-BA19-4DFDED9C92FD}.Debug|x86.Deploy.0 = Debug|x86
		{99BDE9A7-BE99-4F1E-BA19-4DFDED9C92FD}.Release|Any CPU.ActiveCfg = Release|x86
		{99BDE9A7-BE99-4F1E-BA19-4DFDED9C92FD}.Release|Any CPU.Build.0 = Release|x86
		{99BDE9A7-BE99-4F1E-BA19-4DFDED9C92FD}.Release|Any CPU.Deploy.0 = Release|x86
		{99BDE9A7-BE99-4F1E-BA19-4DFDED9C92FD}.Release|ARM.ActiveCfg = Release|ARM
		{99BDE9A7-BE99-4F1E-BA19-4DFDED9C92FD}.Release|ARM.Build.0 = Release|ARM
		{99BDE9A7-BE99-4F1E-BA19-4DFDED9C92FD}.Release|ARM.Deploy.0 = Release|ARM
		{99BDE9A7-BE99-4F1E-BA19-4DFDED9C92FD}.Release|iPhone.ActiveCfg = Release|x86
		{99BDE9A7-BE99-4F1E-BA19-4DFDED9C92FD}.Release|iPhone.Build.0 = Release|x86
		{99BDE9A7-BE99-4F1E-BA19-4DFDED9C92FD}.Release|iPhone.Deploy.0 = Release|x86
		{99BDE9A7-BE99-4F1E-BA19-4DFDED9C92FD}.Release|iPhoneSimulator.ActiveCfg = Release|x86
		{99BDE9A7-BE99-4F1E-BA19-4DFDED9C92FD}.Release|iPhoneSimulator.Build.0 = Release|x86
		{99BDE9A7-BE99-4F1E-BA19-4DFDED9C92FD}.Release|iPhoneSimulator.Deploy.0 = Release|x86
		{99BDE9A7-BE99-4F1E-BA19-4DFDED9C92FD}.Release|x64.ActiveCfg = Release|x64
		{99BDE9A7-BE99-4F1E-BA19-4DFDED9C92FD}.Release|x64.Build.0 = Release|x64
		{99BDE9A7-BE99-4F1E-BA19-4DFDED9C92FD}.Release|x64.Deploy.0 = Release|x64
		{99BDE9A7-BE99-4F1E-BA19-4DFDED9C92FD}.Release|x86.ActiveCfg = Release|x86
		{99BDE9A7-BE99-4F1E-BA19-4DFDED9C92FD}.Release|x86.Build.0 = Release|x86
		{99BDE9A7-BE99-4F1E-BA19-4DFDED9C92FD}.Release|x86.Deploy.0 = Release|x86
		{835C2AF9-781E-4978-A5D0-2A28C678769E}.Ad-Hoc|Any CPU.ActiveCfg = Debug|Any CPU
		{835C2AF9-781E-4978-A5D0-2A28C678769E}.Ad-Hoc|Any CPU.Build.0 = Debug|Any CPU
		{835C2AF9-781E-4978-A5D0-2A28C678769E}.Ad-Hoc|Any CPU.Deploy.0 = Debug|Any CPU
		{835C2AF9-781E-4978-A5D0-2A28C678769E}.Ad-Hoc|ARM.ActiveCfg = Debug|Any CPU
		{835C2AF9-781E-4978-A5D0-2A28C678769E}.Ad-Hoc|ARM.Build.0 = Debug|Any CPU
		{835C2AF9-781E-4978-A5D0-2A28C678769E}.Ad-Hoc|ARM.Deploy.0 = Debug|Any CPU
		{835C2AF9-781E-4978-A5D0-2A28C678769E}.Ad-Hoc|iPhone.ActiveCfg = Debug|Any CPU
		{835C2AF9-781E-4978-A5D0-2A28C678769E}.Ad-Hoc|iPhone.Build.0 = Debug|Any CPU
		{835C2AF9-781E-4978-A5D0-2A28C678769E}.Ad-Hoc|iPhone.Deploy.0 = Debug|Any CPU
		{835C2AF9-781E-4978-A5D0-2A28C678769E}.Ad-Hoc|iPhoneSimulator.ActiveCfg = Debug|Any CPU
		{835C2AF9-781E-4978-A5D0-2A28C678769E}.Ad-Hoc|iPhoneSimulator.Build.0 = Debug|Any CPU
		{835C2AF9-781E-4978-A5D0-2A28C678769E}.Ad-Hoc|iPhoneSimulator.Deploy.0 = Debug|Any CPU
		{835C2AF9-781E-4978-A5D0-2A28C678769E}.Ad-Hoc|x64.ActiveCfg = Debug|Any CPU
		{835C2AF9-781E-4978-A5D0-2A28C678769E}.Ad-Hoc|x64.Build.0 = Debug|Any CPU
		{835C2AF9-781E-4978-A5D0-2A28C678769E}.Ad-Hoc|x64.Deploy.0 = Debug|Any CPU
		{835C2AF9-781E-4978-A5D0-2A28C678769E}.Ad-Hoc|x86.ActiveCfg = Debug|Any CPU
		{835C2AF9-781E-4978-A5D0-2A28C678769E}.Ad-Hoc|x86.Build.0 = Debug|Any CPU
		{835C2AF9-781E-4978-A5D0-2A28C678769E}.Ad-Hoc|x86.Deploy.0 = Debug|Any CPU
		{835C2AF9-781E-4978-A5D0-2A28C678769E}.AppStore|Any CPU.ActiveCfg = Debug|Any CPU
		{835C2AF9-781E-4978-A5D0-2A28C678769E}.AppStore|Any CPU.Build.0 = Debug|Any CPU
		{835C2AF9-781E-4978-A5D0-2A28C678769E}.AppStore|Any CPU.Deploy.0 = Debug|Any CPU
		{835C2AF9-781E-4978-A5D0-2A28C678769E}.AppStore|ARM.ActiveCfg = Debug|Any CPU
		{835C2AF9-781E-4978-A5D0-2A28C678769E}.AppStore|ARM.Build.0 = Debug|Any CPU
		{835C2AF9-781E-4978-A5D0-2A28C678769E}.AppStore|ARM.Deploy.0 = Debug|Any CPU
		{835C2AF9-781E-4978-A5D0-2A28C678769E}.AppStore|iPhone.ActiveCfg = Debug|Any CPU
		{835C2AF9-781E-4978-A5D0-2A28C678769E}.AppStore|iPhone.Build.0 = Debug|Any CPU
		{835C2AF9-781E-4978-A5D0-2A28C678769E}.AppStore|iPhone.Deploy.0 = Debug|Any CPU
		{835C2AF9-781E-4978-A5D0-2A28C678769E}.AppStore|iPhoneSimulator.ActiveCfg = Debug|Any CPU
		{835C2AF9-781E-4978-A5D0-2A28C678769E}.AppStore|iPhoneSimulator.Build.0 = Debug|Any CPU
		{835C2AF9-781E-4978-A5D0-2A28C678769E}.AppStore|iPhoneSimulator.Deploy.0 = Debug|Any CPU
		{835C2AF9-781E-4978-A5D0-2A28C678769E}.AppStore|x64.ActiveCfg = Debug|Any CPU
		{835C2AF9-781E-4978-A5D0-2A28C678769E}.AppStore|x64.Build.0 = Debug|Any CPU
		{835C2AF9-781E-4978-A5D0-2A28C678769E}.AppStore|x64.Deploy.0 = Debug|Any CPU
		{835C2AF9-781E-4978-A5D0-2A28C678769E}.AppStore|x86.ActiveCfg = Debug|Any CPU
		{835C2AF9-781E-4978-A5D0-2A28C678769E}.AppStore|x86.Build.0 = Debug|Any CPU
		{835C2AF9-781E-4978-A5D0-2A28C678769E}.AppStore|x86.Deploy.0 = Debug|Any CPU
		{835C2AF9-781E-4978-A5D0-2A28C678769E}.Debug|Any CPU.ActiveCfg = Debug|Any CPU
		{835C2AF9-781E-4978-A5D0-2A28C678769E}.Debug|Any CPU.Build.0 = Debug|Any CPU
		{835C2AF9-781E-4978-A5D0-2A28C678769E}.Debug|Any CPU.Deploy.0 = Debug|Any CPU
		{835C2AF9-781E-4978-A5D0-2A28C678769E}.Debug|ARM.ActiveCfg = Debug|Any CPU
		{835C2AF9-781E-4978-A5D0-2A28C678769E}.Debug|ARM.Build.0 = Debug|Any CPU
		{835C2AF9-781E-4978-A5D0-2A28C678769E}.Debug|ARM.Deploy.0 = Debug|Any CPU
		{835C2AF9-781E-4978-A5D0-2A28C678769E}.Debug|iPhone.ActiveCfg = Debug|Any CPU
		{835C2AF9-781E-4978-A5D0-2A28C678769E}.Debug|iPhone.Build.0 = Debug|Any CPU
		{835C2AF9-781E-4978-A5D0-2A28C678769E}.Debug|iPhone.Deploy.0 = Debug|Any CPU
		{835C2AF9-781E-4978-A5D0-2A28C678769E}.Debug|iPhoneSimulator.ActiveCfg = Debug|Any CPU
		{835C2AF9-781E-4978-A5D0-2A28C678769E}.Debug|iPhoneSimulator.Build.0 = Debug|Any CPU
		{835C2AF9-781E-4978-A5D0-2A28C678769E}.Debug|iPhoneSimulator.Deploy.0 = Debug|Any CPU
		{835C2AF9-781E-4978-A5D0-2A28C678769E}.Debug|x64.ActiveCfg = Debug|Any CPU
		{835C2AF9-781E-4978-A5D0-2A28C678769E}.Debug|x64.Build.0 = Debug|Any CPU
		{835C2AF9-781E-4978-A5D0-2A28C678769E}.Debug|x64.Deploy.0 = Debug|Any CPU
		{835C2AF9-781E-4978-A5D0-2A28C678769E}.Debug|x86.ActiveCfg = Debug|Any CPU
		{835C2AF9-781E-4978-A5D0-2A28C678769E}.Debug|x86.Build.0 = Debug|Any CPU
		{835C2AF9-781E-4978-A5D0-2A28C678769E}.Debug|x86.Deploy.0 = Debug|Any CPU
		{835C2AF9-781E-4978-A5D0-2A28C678769E}.Release|Any CPU.ActiveCfg = Release|Any CPU
		{835C2AF9-781E-4978-A5D0-2A28C678769E}.Release|Any CPU.Build.0 = Release|Any CPU
		{835C2AF9-781E-4978-A5D0-2A28C678769E}.Release|Any CPU.Deploy.0 = Release|Any CPU
		{835C2AF9-781E-4978-A5D0-2A28C678769E}.Release|ARM.ActiveCfg = Release|Any CPU
		{835C2AF9-781E-4978-A5D0-2A28C678769E}.Release|ARM.Build.0 = Release|Any CPU
		{835C2AF9-781E-4978-A5D0-2A28C678769E}.Release|ARM.Deploy.0 = Release|Any CPU
		{835C2AF9-781E-4978-A5D0-2A28C678769E}.Release|iPhone.ActiveCfg = Release|Any CPU
		{835C2AF9-781E-4978-A5D0-2A28C678769E}.Release|iPhone.Build.0 = Release|Any CPU
		{835C2AF9-781E-4978-A5D0-2A28C678769E}.Release|iPhone.Deploy.0 = Release|Any CPU
		{835C2AF9-781E-4978-A5D0-2A28C678769E}.Release|iPhoneSimulator.ActiveCfg = Release|Any CPU
		{835C2AF9-781E-4978-A5D0-2A28C678769E}.Release|iPhoneSimulator.Build.0 = Release|Any CPU
		{835C2AF9-781E-4978-A5D0-2A28C678769E}.Release|iPhoneSimulator.Deploy.0 = Release|Any CPU
		{835C2AF9-781E-4978-A5D0-2A28C678769E}.Release|x64.ActiveCfg = Release|Any CPU
		{835C2AF9-781E-4978-A5D0-2A28C678769E}.Release|x64.Build.0 = Release|Any CPU
		{835C2AF9-781E-4978-A5D0-2A28C678769E}.Release|x64.Deploy.0 = Release|Any CPU
		{835C2AF9-781E-4978-A5D0-2A28C678769E}.Release|x86.ActiveCfg = Release|Any CPU
		{835C2AF9-781E-4978-A5D0-2A28C678769E}.Release|x86.Build.0 = Release|Any CPU
		{835C2AF9-781E-4978-A5D0-2A28C678769E}.Release|x86.Deploy.0 = Release|Any CPU
	EndGlobalSection
	GlobalSection(SolutionProperties) = preSolution
		HideSolutionNode = FALSE
	EndGlobalSection
	GlobalSection(ExtensibilityGlobals) = postSolution
		SolutionGuid = {EB43E5A6-18C4-4B54-9183-BCDEC46AD217}
	EndGlobalSection
EndGlobal
